{
  "requires": true,
  "lockfileVersion": 1,
  "dependencies": {
    "lodash.merge": {
      "version": "4.6.1",
      "resolved": "https://registry.npmjs.org/lodash.merge/-/lodash.merge-4.6.1.tgz",
      "integrity": "sha512-AOYza4+Hf5z1/0Hztxpm2/xiPZgi/cjMqdnKTUWTBSKchJlxXXuUSxCCl8rJlf4g6yww/j6mA8nC8Hw/EZWxKQ=="
    },
    "popper.js": {
      "version": "1.14.7",
      "resolved": "https://registry.npmjs.org/popper.js/-/popper.js-1.14.7.tgz",
      "integrity": "sha512-4q1hNvoUre/8srWsH7hnoSJ5xVmIL4qgz+s4qf2TnJIMyZFUFMGH+9vE7mXynAlHSZ/NdTmmow86muD0myUkVQ=="
    },
    "v-tooltip": {
      "version": "2.0.0-rc.33",
      "resolved": "https://registry.npmjs.org/v-tooltip/-/v-tooltip-2.0.0-rc.33.tgz",
      "integrity": "sha1-ePfY6cNCZWIr5lup3HjGfx3AK3M=",
      "requires": {
        "lodash.merge": "^4.6.0",
        "popper.js": "^1.12.9",
        "vue-resize": "^0.4.3"
      }
    },
    "vue-analytics": {
      "version": "5.12.3",
      "resolved": "https://registry.npmjs.org/vue-analytics/-/vue-analytics-5.12.3.tgz",
      "integrity": "sha1-WZvQX55p79UWRennSt2B2KJqiOo="
    },
    "vue-mathjax": {
      "version": "0.0.6",
      "resolved": "https://registry.npmjs.org/vue-mathjax/-/vue-mathjax-0.0.6.tgz",
      "integrity": "sha512-fk4KE8vC2/xcXXbPde445sdhoZiFtmLMdwlgAFw3PG42JVE9lonxC1jJUYafEnoBWejDiLcxORRxO2UtamIPoQ=="
    },
    "vue-resize": {
      "version": "0.4.5",
      "resolved": "https://registry.npmjs.org/vue-resize/-/vue-resize-0.4.5.tgz",
      "integrity": "sha512-bhP7MlgJQ8TIkZJXAfDf78uJO+mEI3CaLABLjv0WNzr4CcGRGPIAItyWYnP6LsPA4Oq0WE+suidNs6dgpO4RHg=="
    }
  }
}
